// !$*UTF8*$!
{
	archiveVersion = 1;
	classes = {
	};
	objectVersion = 51;
	objects = {

/* Begin PBXBuildFile section */
		1715579FAE3C21037B56661C /* Pods_AlumnUs_AlumnUsUITests.framework in Frameworks */ = {isa = PBXBuildFile; fileRef = F2EB326A0A1BE72D7AF2BB02 /* Pods_AlumnUs_AlumnUsUITests.framework */; };
		4F0FF35424108DF9007FF46D /* AppDelegate.swift in Sources */ = {isa = PBXBuildFile; fileRef = 4F0FF35324108DF9007FF46D /* AppDelegate.swift */; };
		4F0FF35624108DF9007FF46D /* SceneDelegate.swift in Sources */ = {isa = PBXBuildFile; fileRef = 4F0FF35524108DF9007FF46D /* SceneDelegate.swift */; };
		4F0FF35824108DF9007FF46D /* MainViewController.swift in Sources */ = {isa = PBXBuildFile; fileRef = 4F0FF35724108DF9007FF46D /* MainViewController.swift */; };
		4F0FF35B24108DF9007FF46D /* Main.storyboard in Resources */ = {isa = PBXBuildFile; fileRef = 4F0FF35924108DF9007FF46D /* Main.storyboard */; };
		4F0FF35D24108DFD007FF46D /* Assets.xcassets in Resources */ = {isa = PBXBuildFile; fileRef = 4F0FF35C24108DFD007FF46D /* Assets.xcassets */; };
		4F0FF36024108DFD007FF46D /* LaunchScreen.storyboard in Resources */ = {isa = PBXBuildFile; fileRef = 4F0FF35E24108DFD007FF46D /* LaunchScreen.storyboard */; };
		4F0FF36B24108DFD007FF46D /* AlumnUsTests.swift in Sources */ = {isa = PBXBuildFile; fileRef = 4F0FF36A24108DFD007FF46D /* AlumnUsTests.swift */; };
		4F0FF37624108DFD007FF46D /* AlumnUsUITests.swift in Sources */ = {isa = PBXBuildFile; fileRef = 4F0FF37524108DFD007FF46D /* AlumnUsUITests.swift */; };
		4F0FF38424109195007FF46D /* SignUpViewController.swift in Sources */ = {isa = PBXBuildFile; fileRef = 4F0FF38324109195007FF46D /* SignUpViewController.swift */; };
		4F0FF386241091C3007FF46D /* LoginViewController.swift in Sources */ = {isa = PBXBuildFile; fileRef = 4F0FF385241091C3007FF46D /* LoginViewController.swift */; };
		4F0FF388241091D3007FF46D /* HomeViewController.swift in Sources */ = {isa = PBXBuildFile; fileRef = 4F0FF387241091D3007FF46D /* HomeViewController.swift */; };
		4F0FF38E2411A877007FF46D /* Utilities.swift in Sources */ = {isa = PBXBuildFile; fileRef = 4F0FF38D2411A877007FF46D /* Utilities.swift */; };
		4F0FF3942411B902007FF46D /* GoogleService-Info.plist in Resources */ = {isa = PBXBuildFile; fileRef = 4F0FF3932411B902007FF46D /* GoogleService-Info.plist */; };
		4F0FF3962412E97E007FF46D /* Constants.swift in Sources */ = {isa = PBXBuildFile; fileRef = 4F0FF3952412E97E007FF46D /* Constants.swift */; };
		4F1EB90C241F69EE0008D3AD /* PostTableViewCell.swift in Sources */ = {isa = PBXBuildFile; fileRef = 4F1EB90A241F69EE0008D3AD /* PostTableViewCell.swift */; };
		4F1EB90F241F69EE0008D3AD /* PostTableViewCell.xib in Resources */ = {isa = PBXBuildFile; fileRef = 4F1EB90B241F69EE0008D3AD /* PostTableViewCell.xib */; };
		4F1EB910241F69EE0008D3AD /* PostTableViewCell.xib in Resources */ = {isa = PBXBuildFile; fileRef = 4F1EB90B241F69EE0008D3AD /* PostTableViewCell.xib */; };
		4F1EB911241F69EE0008D3AD /* PostTableViewCell.xib in Resources */ = {isa = PBXBuildFile; fileRef = 4F1EB90B241F69EE0008D3AD /* PostTableViewCell.xib */; };
		4F1EB914241F74450008D3AD /* Post.swift in Sources */ = {isa = PBXBuildFile; fileRef = 4F1EB913241F74450008D3AD /* Post.swift */; };
		4F1EB915241F74450008D3AD /* Post.swift in Sources */ = {isa = PBXBuildFile; fileRef = 4F1EB913241F74450008D3AD /* Post.swift */; };
		4F1EB916241F74450008D3AD /* Post.swift in Sources */ = {isa = PBXBuildFile; fileRef = 4F1EB913241F74450008D3AD /* Post.swift */; };
		93870DF6D9EA87891591BDFF /* Pods_AlumnUs.framework in Frameworks */ = {isa = PBXBuildFile; fileRef = 436946B13D1F26F26DC33B93 /* Pods_AlumnUs.framework */; };
		BA7A4C70A1A49A3F27869AC9 /* Pods_AlumnUsTests.framework in Frameworks */ = {isa = PBXBuildFile; fileRef = E40B3B59FE5E727CD5942D92 /* Pods_AlumnUsTests.framework */; };
/* End PBXBuildFile section */

/* Begin PBXContainerItemProxy section */
		4F0FF36724108DFD007FF46D /* PBXContainerItemProxy */ = {
			isa = PBXContainerItemProxy;
			containerPortal = 4F0FF34824108DF9007FF46D /* Project object */;
			proxyType = 1;
			remoteGlobalIDString = 4F0FF34F24108DF9007FF46D;
			remoteInfo = AlumnUs;
		};
		4F0FF37224108DFD007FF46D /* PBXContainerItemProxy */ = {
			isa = PBXContainerItemProxy;
			containerPortal = 4F0FF34824108DF9007FF46D /* Project object */;
			proxyType = 1;
			remoteGlobalIDString = 4F0FF34F24108DF9007FF46D;
			remoteInfo = AlumnUs;
		};
/* End PBXContainerItemProxy section */

/* Begin PBXFileReference section */
		0529985B5AD3250F89C139C2 /* Pods-AlumnUsTests.release.xcconfig */ = {isa = PBXFileReference; includeInIndex = 1; lastKnownFileType = text.xcconfig; name = "Pods-AlumnUsTests.release.xcconfig"; path = "Target Support Files/Pods-AlumnUsTests/Pods-AlumnUsTests.release.xcconfig"; sourceTree = "<group>"; };
		0830EB6E7D4FE17870AEC9F2 /* Pods-AlumnUsTests.debug.xcconfig */ = {isa = PBXFileReference; includeInIndex = 1; lastKnownFileType = text.xcconfig; name = "Pods-AlumnUsTests.debug.xcconfig"; path = "Target Support Files/Pods-AlumnUsTests/Pods-AlumnUsTests.debug.xcconfig"; sourceTree = "<group>"; };
		3BC47F6141F1279F9AAD4539 /* Pods-AlumnUs-AlumnUsUITests.debug.xcconfig */ = {isa = PBXFileReference; includeInIndex = 1; lastKnownFileType = text.xcconfig; name = "Pods-AlumnUs-AlumnUsUITests.debug.xcconfig"; path = "Target Support Files/Pods-AlumnUs-AlumnUsUITests/Pods-AlumnUs-AlumnUsUITests.debug.xcconfig"; sourceTree = "<group>"; };
		4323FFA43E0F6E7DC0AE1513 /* Pods-AlumnUs.release.xcconfig */ = {isa = PBXFileReference; includeInIndex = 1; lastKnownFileType = text.xcconfig; name = "Pods-AlumnUs.release.xcconfig"; path = "Target Support Files/Pods-AlumnUs/Pods-AlumnUs.release.xcconfig"; sourceTree = "<group>"; };
		436946B13D1F26F26DC33B93 /* Pods_AlumnUs.framework */ = {isa = PBXFileReference; explicitFileType = wrapper.framework; includeInIndex = 0; path = Pods_AlumnUs.framework; sourceTree = BUILT_PRODUCTS_DIR; };
		44A3E002258B11671E3C2E25 /* Pods-AlumnUs.debug.xcconfig */ = {isa = PBXFileReference; includeInIndex = 1; lastKnownFileType = text.xcconfig; name = "Pods-AlumnUs.debug.xcconfig"; path = "Target Support Files/Pods-AlumnUs/Pods-AlumnUs.debug.xcconfig"; sourceTree = "<group>"; };
		4F0FF35024108DF9007FF46D /* AlumnUs.app */ = {isa = PBXFileReference; explicitFileType = wrapper.application; includeInIndex = 0; path = AlumnUs.app; sourceTree = BUILT_PRODUCTS_DIR; };
		4F0FF35324108DF9007FF46D /* AppDelegate.swift */ = {isa = PBXFileReference; lastKnownFileType = sourcecode.swift; path = AppDelegate.swift; sourceTree = "<group>"; };
		4F0FF35524108DF9007FF46D /* SceneDelegate.swift */ = {isa = PBXFileReference; lastKnownFileType = sourcecode.swift; path = SceneDelegate.swift; sourceTree = "<group>"; };
		4F0FF35724108DF9007FF46D /* MainViewController.swift */ = {isa = PBXFileReference; lastKnownFileType = sourcecode.swift; path = MainViewController.swift; sourceTree = "<group>"; };
		4F0FF35A24108DF9007FF46D /* Base */ = {isa = PBXFileReference; lastKnownFileType = file.storyboard; name = Base; path = Base.lproj/Main.storyboard; sourceTree = "<group>"; };
		4F0FF35C24108DFD007FF46D /* Assets.xcassets */ = {isa = PBXFileReference; lastKnownFileType = folder.assetcatalog; path = Assets.xcassets; sourceTree = "<group>"; };
		4F0FF35F24108DFD007FF46D /* Base */ = {isa = PBXFileReference; lastKnownFileType = file.storyboard; name = Base; path = Base.lproj/LaunchScreen.storyboard; sourceTree = "<group>"; };
		4F0FF36124108DFD007FF46D /* Info.plist */ = {isa = PBXFileReference; lastKnownFileType = text.plist.xml; path = Info.plist; sourceTree = "<group>"; };
		4F0FF36624108DFD007FF46D /* AlumnUsTests.xctest */ = {isa = PBXFileReference; explicitFileType = wrapper.cfbundle; includeInIndex = 0; path = AlumnUsTests.xctest; sourceTree = BUILT_PRODUCTS_DIR; };
		4F0FF36A24108DFD007FF46D /* AlumnUsTests.swift */ = {isa = PBXFileReference; lastKnownFileType = sourcecode.swift; path = AlumnUsTests.swift; sourceTree = "<group>"; };
		4F0FF36C24108DFD007FF46D /* Info.plist */ = {isa = PBXFileReference; lastKnownFileType = text.plist.xml; path = Info.plist; sourceTree = "<group>"; };
		4F0FF37124108DFD007FF46D /* AlumnUsUITests.xctest */ = {isa = PBXFileReference; explicitFileType = wrapper.cfbundle; includeInIndex = 0; path = AlumnUsUITests.xctest; sourceTree = BUILT_PRODUCTS_DIR; };
		4F0FF37524108DFD007FF46D /* AlumnUsUITests.swift */ = {isa = PBXFileReference; lastKnownFileType = sourcecode.swift; path = AlumnUsUITests.swift; sourceTree = "<group>"; };
		4F0FF37724108DFD007FF46D /* Info.plist */ = {isa = PBXFileReference; lastKnownFileType = text.plist.xml; path = Info.plist; sourceTree = "<group>"; };
		4F0FF38324109195007FF46D /* SignUpViewController.swift */ = {isa = PBXFileReference; lastKnownFileType = sourcecode.swift; path = SignUpViewController.swift; sourceTree = "<group>"; };
		4F0FF385241091C3007FF46D /* LoginViewController.swift */ = {isa = PBXFileReference; lastKnownFileType = sourcecode.swift; path = LoginViewController.swift; sourceTree = "<group>"; };
		4F0FF387241091D3007FF46D /* HomeViewController.swift */ = {isa = PBXFileReference; lastKnownFileType = sourcecode.swift; path = HomeViewController.swift; sourceTree = "<group>"; };
		4F0FF38D2411A877007FF46D /* Utilities.swift */ = {isa = PBXFileReference; lastKnownFileType = sourcecode.swift; path = Utilities.swift; sourceTree = "<group>"; };
		4F0FF3932411B902007FF46D /* GoogleService-Info.plist */ = {isa = PBXFileReference; fileEncoding = 4; lastKnownFileType = text.plist.xml; path = "GoogleService-Info.plist"; sourceTree = "<group>"; };
		4F0FF3952412E97E007FF46D /* Constants.swift */ = {isa = PBXFileReference; lastKnownFileType = sourcecode.swift; path = Constants.swift; sourceTree = "<group>"; };
		4F1EB90A241F69EE0008D3AD /* PostTableViewCell.swift */ = {isa = PBXFileReference; lastKnownFileType = sourcecode.swift; path = PostTableViewCell.swift; sourceTree = "<group>"; };
		4F1EB90B241F69EE0008D3AD /* PostTableViewCell.xib */ = {isa = PBXFileReference; lastKnownFileType = file.xib; path = PostTableViewCell.xib; sourceTree = "<group>"; };
		4F1EB913241F74450008D3AD /* Post.swift */ = {isa = PBXFileReference; lastKnownFileType = sourcecode.swift; path = Post.swift; sourceTree = "<group>"; };
		7A40CA9536326A10F35E25F0 /* Pods-AlumnUs-AlumnUsUITests.release.xcconfig */ = {isa = PBXFileReference; includeInIndex = 1; lastKnownFileType = text.xcconfig; name = "Pods-AlumnUs-AlumnUsUITests.release.xcconfig"; path = "Target Support Files/Pods-AlumnUs-AlumnUsUITests/Pods-AlumnUs-AlumnUsUITests.release.xcconfig"; sourceTree = "<group>"; };
		E40B3B59FE5E727CD5942D92 /* Pods_AlumnUsTests.framework */ = {isa = PBXFileReference; explicitFileType = wrapper.framework; includeInIndex = 0; path = Pods_AlumnUsTests.framework; sourceTree = BUILT_PRODUCTS_DIR; };
		F2EB326A0A1BE72D7AF2BB02 /* Pods_AlumnUs_AlumnUsUITests.framework */ = {isa = PBXFileReference; explicitFileType = wrapper.framework; includeInIndex = 0; path = Pods_AlumnUs_AlumnUsUITests.framework; sourceTree = BUILT_PRODUCTS_DIR; };
/* End PBXFileReference section */

/* Begin PBXFrameworksBuildPhase section */
		4F0FF34D24108DF9007FF46D /* Frameworks */ = {
			isa = PBXFrameworksBuildPhase;
			buildActionMask = 2147483647;
			files = (
				93870DF6D9EA87891591BDFF /* Pods_AlumnUs.framework in Frameworks */,
			);
			runOnlyForDeploymentPostprocessing = 0;
		};
		4F0FF36324108DFD007FF46D /* Frameworks */ = {
			isa = PBXFrameworksBuildPhase;
			buildActionMask = 2147483647;
			files = (
				BA7A4C70A1A49A3F27869AC9 /* Pods_AlumnUsTests.framework in Frameworks */,
			);
			runOnlyForDeploymentPostprocessing = 0;
		};
		4F0FF36E24108DFD007FF46D /* Frameworks */ = {
			isa = PBXFrameworksBuildPhase;
			buildActionMask = 2147483647;
			files = (
				1715579FAE3C21037B56661C /* Pods_AlumnUs_AlumnUsUITests.framework in Frameworks */,
			);
			runOnlyForDeploymentPostprocessing = 0;
		};
/* End PBXFrameworksBuildPhase section */

/* Begin PBXGroup section */
		13DD64A4CAD0C0298F7D69B8 /* Frameworks */ = {
			isa = PBXGroup;
			children = (
				436946B13D1F26F26DC33B93 /* Pods_AlumnUs.framework */,
				F2EB326A0A1BE72D7AF2BB02 /* Pods_AlumnUs_AlumnUsUITests.framework */,
				E40B3B59FE5E727CD5942D92 /* Pods_AlumnUsTests.framework */,
			);
			name = Frameworks;
			sourceTree = "<group>";
		};
		4F0FF34724108DF9007FF46D = {
			isa = PBXGroup;
			children = (
				4F0FF35224108DF9007FF46D /* AlumnUs */,
				4F0FF36924108DFD007FF46D /* AlumnUsTests */,
				4F0FF37424108DFD007FF46D /* AlumnUsUITests */,
				4F0FF35124108DF9007FF46D /* Products */,
				FD8AF7D1132137309E7FF417 /* Pods */,
				13DD64A4CAD0C0298F7D69B8 /* Frameworks */,
			);
			sourceTree = "<group>";
		};
		4F0FF35124108DF9007FF46D /* Products */ = {
			isa = PBXGroup;
			children = (
				4F0FF35024108DF9007FF46D /* AlumnUs.app */,
				4F0FF36624108DFD007FF46D /* AlumnUsTests.xctest */,
				4F0FF37124108DFD007FF46D /* AlumnUsUITests.xctest */,
			);
			name = Products;
			sourceTree = "<group>";
		};
		4F0FF35224108DF9007FF46D /* AlumnUs */ = {
			isa = PBXGroup;
			children = (
				4F1EB912241F74280008D3AD /* Models */,
				4F1EB90A241F69EE0008D3AD /* PostTableViewCell.swift */,
				4F1EB90B241F69EE0008D3AD /* PostTableViewCell.xib */,
				4F0FF35324108DF9007FF46D /* AppDelegate.swift */,
				4F0FF35524108DF9007FF46D /* SceneDelegate.swift */,
				4F0FF38A2411A76C007FF46D /* Helpers */,
				4F0FF389241091E5007FF46D /* View Controllers */,
				4F0FF35924108DF9007FF46D /* Main.storyboard */,
				4F0FF35C24108DFD007FF46D /* Assets.xcassets */,
				4F0FF35E24108DFD007FF46D /* LaunchScreen.storyboard */,
				4F0FF36124108DFD007FF46D /* Info.plist */,
				4F0FF3932411B902007FF46D /* GoogleService-Info.plist */,
			);
			path = AlumnUs;
			sourceTree = "<group>";
		};
		4F0FF36924108DFD007FF46D /* AlumnUsTests */ = {
			isa = PBXGroup;
			children = (
				4F0FF36A24108DFD007FF46D /* AlumnUsTests.swift */,
				4F0FF36C24108DFD007FF46D /* Info.plist */,
			);
			path = AlumnUsTests;
			sourceTree = "<group>";
		};
		4F0FF37424108DFD007FF46D /* AlumnUsUITests */ = {
			isa = PBXGroup;
			children = (
				4F0FF37524108DFD007FF46D /* AlumnUsUITests.swift */,
				4F0FF37724108DFD007FF46D /* Info.plist */,
			);
			path = AlumnUsUITests;
			sourceTree = "<group>";
		};
		4F0FF389241091E5007FF46D /* View Controllers */ = {
			isa = PBXGroup;
			children = (
				4F0FF35724108DF9007FF46D /* MainViewController.swift */,
				4F0FF38324109195007FF46D /* SignUpViewController.swift */,
				4F0FF385241091C3007FF46D /* LoginViewController.swift */,
				4F0FF387241091D3007FF46D /* HomeViewController.swift */,
			);
			path = "View Controllers";
			sourceTree = "<group>";
		};
		4F0FF38A2411A76C007FF46D /* Helpers */ = {
			isa = PBXGroup;
			children = (
				4F0FF38D2411A877007FF46D /* Utilities.swift */,
				4F0FF3952412E97E007FF46D /* Constants.swift */,
			);
			path = Helpers;
			sourceTree = "<group>";
		};
		4F1EB912241F74280008D3AD /* Models */ = {
			isa = PBXGroup;
			children = (
				4F1EB913241F74450008D3AD /* Post.swift */,
			);
			path = Models;
			sourceTree = "<group>";
		};
		FD8AF7D1132137309E7FF417 /* Pods */ = {
			isa = PBXGroup;
			children = (
				44A3E002258B11671E3C2E25 /* Pods-AlumnUs.debug.xcconfig */,
				4323FFA43E0F6E7DC0AE1513 /* Pods-AlumnUs.release.xcconfig */,
				3BC47F6141F1279F9AAD4539 /* Pods-AlumnUs-AlumnUsUITests.debug.xcconfig */,
				7A40CA9536326A10F35E25F0 /* Pods-AlumnUs-AlumnUsUITests.release.xcconfig */,
				0830EB6E7D4FE17870AEC9F2 /* Pods-AlumnUsTests.debug.xcconfig */,
				0529985B5AD3250F89C139C2 /* Pods-AlumnUsTests.release.xcconfig */,
			);
			path = Pods;
			sourceTree = "<group>";
		};
/* End PBXGroup section */

/* Begin PBXNativeTarget section */
		4F0FF34F24108DF9007FF46D /* AlumnUs */ = {
			isa = PBXNativeTarget;
			buildConfigurationList = 4F0FF37A24108DFD007FF46D /* Build configuration list for PBXNativeTarget "AlumnUs" */;
			buildPhases = (
				FB4501EEEF4592A33BF5D2F9 /* [CP] Check Pods Manifest.lock */,
				4F0FF34C24108DF9007FF46D /* Sources */,
				4F0FF34D24108DF9007FF46D /* Frameworks */,
				4F0FF34E24108DF9007FF46D /* Resources */,
				689EDF4E76A6F2E434D38377 /* [CP] Embed Pods Frameworks */,
			);
			buildRules = (
			);
			dependencies = (
			);
			name = AlumnUs;
			productName = AlumnUs;
			productReference = 4F0FF35024108DF9007FF46D /* AlumnUs.app */;
			productType = "com.apple.product-type.application";
		};
		4F0FF36524108DFD007FF46D /* AlumnUsTests */ = {
			isa = PBXNativeTarget;
			buildConfigurationList = 4F0FF37D24108DFD007FF46D /* Build configuration list for PBXNativeTarget "AlumnUsTests" */;
			buildPhases = (
				84E0C77D55CD4E50014F8906 /* [CP] Check Pods Manifest.lock */,
				4F0FF36224108DFD007FF46D /* Sources */,
				4F0FF36324108DFD007FF46D /* Frameworks */,
				4F0FF36424108DFD007FF46D /* Resources */,
			);
			buildRules = (
			);
			dependencies = (
				4F0FF36824108DFD007FF46D /* PBXTargetDependency */,
			);
			name = AlumnUsTests;
			productName = AlumnUsTests;
			productReference = 4F0FF36624108DFD007FF46D /* AlumnUsTests.xctest */;
			productType = "com.apple.product-type.bundle.unit-test";
		};
		4F0FF37024108DFD007FF46D /* AlumnUsUITests */ = {
			isa = PBXNativeTarget;
			buildConfigurationList = 4F0FF38024108DFD007FF46D /* Build configuration list for PBXNativeTarget "AlumnUsUITests" */;
			buildPhases = (
				6574413038F530FB26A8B484 /* [CP] Check Pods Manifest.lock */,
				4F0FF36D24108DFD007FF46D /* Sources */,
				4F0FF36E24108DFD007FF46D /* Frameworks */,
				4F0FF36F24108DFD007FF46D /* Resources */,
				29B84E6BE4D756C515E27A98 /* [CP] Embed Pods Frameworks */,
			);
			buildRules = (
			);
			dependencies = (
				4F0FF37324108DFD007FF46D /* PBXTargetDependency */,
			);
			name = AlumnUsUITests;
			productName = AlumnUsUITests;
			productReference = 4F0FF37124108DFD007FF46D /* AlumnUsUITests.xctest */;
			productType = "com.apple.product-type.bundle.ui-testing";
		};
/* End PBXNativeTarget section */

/* Begin PBXProject section */
		4F0FF34824108DF9007FF46D /* Project object */ = {
			isa = PBXProject;
			attributes = {
				LastSwiftUpdateCheck = 1130;
				LastUpgradeCheck = 1130;
				ORGANIZATIONNAME = "Juhi Nayak";
				TargetAttributes = {
					4F0FF34F24108DF9007FF46D = {
						CreatedOnToolsVersion = 11.3.1;
					};
					4F0FF36524108DFD007FF46D = {
						CreatedOnToolsVersion = 11.3.1;
						TestTargetID = 4F0FF34F24108DF9007FF46D;
					};
					4F0FF37024108DFD007FF46D = {
						CreatedOnToolsVersion = 11.3.1;
						TestTargetID = 4F0FF34F24108DF9007FF46D;
					};
				};
			};
			buildConfigurationList = 4F0FF34B24108DF9007FF46D /* Build configuration list for PBXProject "AlumnUs" */;
			compatibilityVersion = "Xcode 9.3";
			developmentRegion = en;
			hasScannedForEncodings = 0;
			knownRegions = (
				en,
				Base,
			);
			mainGroup = 4F0FF34724108DF9007FF46D;
			productRefGroup = 4F0FF35124108DF9007FF46D /* Products */;
			projectDirPath = "";
			projectRoot = "";
			targets = (
				4F0FF34F24108DF9007FF46D /* AlumnUs */,
				4F0FF36524108DFD007FF46D /* AlumnUsTests */,
				4F0FF37024108DFD007FF46D /* AlumnUsUITests */,
			);
		};
/* End PBXProject section */

/* Begin PBXResourcesBuildPhase section */
		4F0FF34E24108DF9007FF46D /* Resources */ = {
			isa = PBXResourcesBuildPhase;
			buildActionMask = 2147483647;
			files = (
				4F0FF36024108DFD007FF46D /* LaunchScreen.storyboard in Resources */,
				4F1EB90F241F69EE0008D3AD /* PostTableViewCell.xib in Resources */,
				4F0FF3942411B902007FF46D /* GoogleService-Info.plist in Resources */,
				4F0FF35D24108DFD007FF46D /* Assets.xcassets in Resources */,
				4F0FF35B24108DF9007FF46D /* Main.storyboard in Resources */,
			);
			runOnlyForDeploymentPostprocessing = 0;
		};
		4F0FF36424108DFD007FF46D /* Resources */ = {
			isa = PBXResourcesBuildPhase;
			buildActionMask = 2147483647;
			files = (
				4F1EB910241F69EE0008D3AD /* PostTableViewCell.xib in Resources */,
			);
			runOnlyForDeploymentPostprocessing = 0;
		};
		4F0FF36F24108DFD007FF46D /* Resources */ = {
			isa = PBXResourcesBuildPhase;
			buildActionMask = 2147483647;
			files = (
				4F1EB911241F69EE0008D3AD /* PostTableViewCell.xib in Resources */,
			);
			runOnlyForDeploymentPostprocessing = 0;
		};
/* End PBXResourcesBuildPhase section */

/* Begin PBXShellScriptBuildPhase section */
		29B84E6BE4D756C515E27A98 /* [CP] Embed Pods Frameworks */ = {
			isa = PBXShellScriptBuildPhase;
			buildActionMask = 2147483647;
			files = (
			);
			inputFileListPaths = (
				"${PODS_ROOT}/Target Support Files/Pods-AlumnUs-AlumnUsUITests/Pods-AlumnUs-AlumnUsUITests-frameworks-${CONFIGURATION}-input-files.xcfilelist",
			);
			name = "[CP] Embed Pods Frameworks";
			outputFileListPaths = (
				"${PODS_ROOT}/Target Support Files/Pods-AlumnUs-AlumnUsUITests/Pods-AlumnUs-AlumnUsUITests-frameworks-${CONFIGURATION}-output-files.xcfilelist",
			);
			runOnlyForDeploymentPostprocessing = 0;
			shellPath = /bin/sh;
			shellScript = "\"${PODS_ROOT}/Target Support Files/Pods-AlumnUs-AlumnUsUITests/Pods-AlumnUs-AlumnUsUITests-frameworks.sh\"\n";
			showEnvVarsInLog = 0;
		};
		6574413038F530FB26A8B484 /* [CP] Check Pods Manifest.lock */ = {
			isa = PBXShellScriptBuildPhase;
			buildActionMask = 2147483647;
			files = (
			);
			inputFileListPaths = (
			);
			inputPaths = (
				"${PODS_PODFILE_DIR_PATH}/Podfile.lock",
				"${PODS_ROOT}/Manifest.lock",
			);
			name = "[CP] Check Pods Manifest.lock";
			outputFileListPaths = (
			);
			outputPaths = (
				"$(DERIVED_FILE_DIR)/Pods-AlumnUs-AlumnUsUITests-checkManifestLockResult.txt",
			);
			runOnlyForDeploymentPostprocessing = 0;
			shellPath = /bin/sh;
			shellScript = "diff \"${PODS_PODFILE_DIR_PATH}/Podfile.lock\" \"${PODS_ROOT}/Manifest.lock\" > /dev/null\nif [ $? != 0 ] ; then\n    # print error to STDERR\n    echo \"error: The sandbox is not in sync with the Podfile.lock. Run 'pod install' or update your CocoaPods installation.\" >&2\n    exit 1\nfi\n# This output is used by Xcode 'outputs' to avoid re-running this script phase.\necho \"SUCCESS\" > \"${SCRIPT_OUTPUT_FILE_0}\"\n";
			showEnvVarsInLog = 0;
		};
		689EDF4E76A6F2E434D38377 /* [CP] Embed Pods Frameworks */ = {
			isa = PBXShellScriptBuildPhase;
			buildActionMask = 2147483647;
			files = (
			);
			inputFileListPaths = (
				"${PODS_ROOT}/Target Support Files/Pods-AlumnUs/Pods-AlumnUs-frameworks-${CONFIGURATION}-input-files.xcfilelist",
			);
			name = "[CP] Embed Pods Frameworks";
			outputFileListPaths = (
				"${PODS_ROOT}/Target Support Files/Pods-AlumnUs/Pods-AlumnUs-frameworks-${CONFIGURATION}-output-files.xcfilelist",
			);
			runOnlyForDeploymentPostprocessing = 0;
			shellPath = /bin/sh;
			shellScript = "\"${PODS_ROOT}/Target Support Files/Pods-AlumnUs/Pods-AlumnUs-frameworks.sh\"\n";
			showEnvVarsInLog = 0;
		};
		84E0C77D55CD4E50014F8906 /* [CP] Check Pods Manifest.lock */ = {
			isa = PBXShellScriptBuildPhase;
			buildActionMask = 2147483647;
			files = (
			);
			inputFileListPaths = (
			);
			inputPaths = (
				"${PODS_PODFILE_DIR_PATH}/Podfile.lock",
				"${PODS_ROOT}/Manifest.lock",
			);
			name = "[CP] Check Pods Manifest.lock";
			outputFileListPaths = (
			);
			outputPaths = (
				"$(DERIVED_FILE_DIR)/Pods-AlumnUsTests-checkManifestLockResult.txt",
			);
			runOnlyForDeploymentPostprocessing = 0;
			shellPath = /bin/sh;
			shellScript = "diff \"${PODS_PODFILE_DIR_PATH}/Podfile.lock\" \"${PODS_ROOT}/Manifest.lock\" > /dev/null\nif [ $? != 0 ] ; then\n    # print error to STDERR\n    echo \"error: The sandbox is not in sync with the Podfile.lock. Run 'pod install' or update your CocoaPods installation.\" >&2\n    exit 1\nfi\n# This output is used by Xcode 'outputs' to avoid re-running this script phase.\necho \"SUCCESS\" > \"${SCRIPT_OUTPUT_FILE_0}\"\n";
			showEnvVarsInLog = 0;
		};
		FB4501EEEF4592A33BF5D2F9 /* [CP] Check Pods Manifest.lock */ = {
			isa = PBXShellScriptBuildPhase;
			buildActionMask = 2147483647;
			files = (
			);
			inputFileListPaths = (
			);
			inputPaths = (
				"${PODS_PODFILE_DIR_PATH}/Podfile.lock",
				"${PODS_ROOT}/Manifest.lock",
			);
			name = "[CP] Check Pods Manifest.lock";
			outputFileListPaths = (
			);
			outputPaths = (
				"$(DERIVED_FILE_DIR)/Pods-AlumnUs-checkManifestLockResult.txt",
			);
			runOnlyForDeploymentPostprocessing = 0;
			shellPath = /bin/sh;
			shellScript = "diff \"${PODS_PODFILE_DIR_PATH}/Podfile.lock\" \"${PODS_ROOT}/Manifest.lock\" > /dev/null\nif [ $? != 0 ] ; then\n    # print error to STDERR\n    echo \"error: The sandbox is not in sync with the Podfile.lock. Run 'pod install' or update your CocoaPods installation.\" >&2\n    exit 1\nfi\n# This output is used by Xcode 'outputs' to avoid re-running this script phase.\necho \"SUCCESS\" > \"${SCRIPT_OUTPUT_FILE_0}\"\n";
			showEnvVarsInLog = 0;
		};
/* End PBXShellScriptBuildPhase section */

/* Begin PBXSourcesBuildPhase section */
		4F0FF34C24108DF9007FF46D /* Sources */ = {
			isa = PBXSourcesBuildPhase;
			buildActionMask = 2147483647;
			files = (
				4F0FF35824108DF9007FF46D /* MainViewController.swift in Sources */,
				4F0FF35424108DF9007FF46D /* AppDelegate.swift in Sources */,
				4F0FF38E2411A877007FF46D /* Utilities.swift in Sources */,
				4F0FF38424109195007FF46D /* SignUpViewController.swift in Sources */,
				4F0FF386241091C3007FF46D /* LoginViewController.swift in Sources */,
				4F0FF35624108DF9007FF46D /* SceneDelegate.swift in Sources */,
				4F0FF388241091D3007FF46D /* HomeViewController.swift in Sources */,
				4F0FF3962412E97E007FF46D /* Constants.swift in Sources */,
				4F1EB90C241F69EE0008D3AD /* PostTableViewCell.swift in Sources */,
				4F1EB914241F74450008D3AD /* Post.swift in Sources */,
			);
			runOnlyForDeploymentPostprocessing = 0;
		};
		4F0FF36224108DFD007FF46D /* Sources */ = {
			isa = PBXSourcesBuildPhase;
			buildActionMask = 2147483647;
			files = (
				4F0FF36B24108DFD007FF46D /* AlumnUsTests.swift in Sources */,
				4F1EB915241F74450008D3AD /* Post.swift in Sources */,
			);
			runOnlyForDeploymentPostprocessing = 0;
		};
		4F0FF36D24108DFD007FF46D /* Sources */ = {
			isa = PBXSourcesBuildPhase;
			buildActionMask = 2147483647;
			files = (
				4F0FF37624108DFD007FF46D /* AlumnUsUITests.swift in Sources */,
				4F1EB916241F74450008D3AD /* Post.swift in Sources */,
			);
			runOnlyForDeploymentPostprocessing = 0;
		};
/* End PBXSourcesBuildPhase section */

/* Begin PBXTargetDependency section */
		4F0FF36824108DFD007FF46D /* PBXTargetDependency */ = {
			isa = PBXTargetDependency;
			target = 4F0FF34F24108DF9007FF46D /* AlumnUs */;
			targetProxy = 4F0FF36724108DFD007FF46D /* PBXContainerItemProxy */;
		};
		4F0FF37324108DFD007FF46D /* PBXTargetDependency */ = {
			isa = PBXTargetDependency;
			target = 4F0FF34F24108DF9007FF46D /* AlumnUs */;
			targetProxy = 4F0FF37224108DFD007FF46D /* PBXContainerItemProxy */;
		};
/* End PBXTargetDependency section */

/* Begin PBXVariantGroup section */
		4F0FF35924108DF9007FF46D /* Main.storyboard */ = {
			isa = PBXVariantGroup;
			children = (
				4F0FF35A24108DF9007FF46D /* Base */,
			);
			name = Main.storyboard;
			sourceTree = "<group>";
		};
		4F0FF35E24108DFD007FF46D /* LaunchScreen.storyboard */ = {
			isa = PBXVariantGroup;
			children = (
				4F0FF35F24108DFD007FF46D /* Base */,
			);
			name = LaunchScreen.storyboard;
			sourceTree = "<group>";
		};
/* End PBXVariantGroup section */

/* Begin XCBuildConfiguration section */
		4F0FF37824108DFD007FF46D /* Debug */ = {
			isa = XCBuildConfiguration;
			buildSettings = {
				ALWAYS_SEARCH_USER_PATHS = NO;
				CLANG_ANALYZER_NONNULL = YES;
				CLANG_ANALYZER_NUMBER_OBJECT_CONVERSION = YES_AGGRESSIVE;
				CLANG_CXX_LANGUAGE_STANDARD = "gnu++14";
				CLANG_CXX_LIBRARY = "libc++";
				CLANG_ENABLE_MODULES = YES;
				CLANG_ENABLE_OBJC_ARC = YES;
				CLANG_ENABLE_OBJC_WEAK = YES;
				CLANG_WARN_BLOCK_CAPTURE_AUTORELEASING = YES;
				CLANG_WARN_BOOL_CONVERSION = YES;
				CLANG_WARN_COMMA = YES;
				CLANG_WARN_CONSTANT_CONVERSION = YES;
				CLANG_WARN_DEPRECATED_OBJC_IMPLEMENTATIONS = YES;
				CLANG_WARN_DIRECT_OBJC_ISA_USAGE = YES_ERROR;
				CLANG_WARN_DOCUMENTATION_COMMENTS = YES;
				CLANG_WARN_EMPTY_BODY = YES;
				CLANG_WARN_ENUM_CONVERSION = YES;
				CLANG_WARN_INFINITE_RECURSION = YES;
				CLANG_WARN_INT_CONVERSION = YES;
				CLANG_WARN_NON_LITERAL_NULL_CONVERSION = YES;
				CLANG_WARN_OBJC_IMPLICIT_RETAIN_SELF = YES;
				CLANG_WARN_OBJC_LITERAL_CONVERSION = YES;
				CLANG_WARN_OBJC_ROOT_CLASS = YES_ERROR;
				CLANG_WARN_RANGE_LOOP_ANALYSIS = YES;
				CLANG_WARN_STRICT_PROTOTYPES = YES;
				CLANG_WARN_SUSPICIOUS_MOVE = YES;
				CLANG_WARN_UNGUARDED_AVAILABILITY = YES_AGGRESSIVE;
				CLANG_WARN_UNREACHABLE_CODE = YES;
				CLANG_WARN__DUPLICATE_METHOD_MATCH = YES;
				COPY_PHASE_STRIP = NO;
				DEBUG_INFORMATION_FORMAT = dwarf;
				ENABLE_STRICT_OBJC_MSGSEND = YES;
				ENABLE_TESTABILITY = YES;
				GCC_C_LANGUAGE_STANDARD = gnu11;
				GCC_DYNAMIC_NO_PIC = NO;
				GCC_NO_COMMON_BLOCKS = YES;
				GCC_OPTIMIZATION_LEVEL = 0;
				GCC_PREPROCESSOR_DEFINITIONS = (
					"DEBUG=1",
					"$(inherited)",
				);
				GCC_WARN_64_TO_32_BIT_CONVERSION = YES;
				GCC_WARN_ABOUT_RETURN_TYPE = YES_ERROR;
				GCC_WARN_UNDECLARED_SELECTOR = YES;
				GCC_WARN_UNINITIALIZED_AUTOS = YES_AGGRESSIVE;
				GCC_WARN_UNUSED_FUNCTION = YES;
				GCC_WARN_UNUSED_VARIABLE = YES;
				IPHONEOS_DEPLOYMENT_TARGET = 13.2;
				MTL_ENABLE_DEBUG_INFO = INCLUDE_SOURCE;
				MTL_FAST_MATH = YES;
				ONLY_ACTIVE_ARCH = YES;
				SDKROOT = iphoneos;
				SWIFT_ACTIVE_COMPILATION_CONDITIONS = DEBUG;
				SWIFT_OPTIMIZATION_LEVEL = "-Onone";
			};
			name = Debug;
		};
		4F0FF37924108DFD007FF46D /* Release */ = {
			isa = XCBuildConfiguration;
			buildSettings = {
				ALWAYS_SEARCH_USER_PATHS = NO;
				CLANG_ANALYZER_NONNULL = YES;
				CLANG_ANALYZER_NUMBER_OBJECT_CONVERSION = YES_AGGRESSIVE;
				CLANG_CXX_LANGUAGE_STANDARD = "gnu++14";
				CLANG_CXX_LIBRARY = "libc++";
				CLANG_ENABLE_MODULES = YES;
				CLANG_ENABLE_OBJC_ARC = YES;
				CLANG_ENABLE_OBJC_WEAK = YES;
				CLANG_WARN_BLOCK_CAPTURE_AUTORELEASING = YES;
				CLANG_WARN_BOOL_CONVERSION = YES;
				CLANG_WARN_COMMA = YES;
				CLANG_WARN_CONSTANT_CONVERSION = YES;
				CLANG_WARN_DEPRECATED_OBJC_IMPLEMENTATIONS = YES;
				CLANG_WARN_DIRECT_OBJC_ISA_USAGE = YES_ERROR;
				CLANG_WARN_DOCUMENTATION_COMMENTS = YES;
				CLANG_WARN_EMPTY_BODY = YES;
				CLANG_WARN_ENUM_CONVERSION = YES;
				CLANG_WARN_INFINITE_RECURSION = YES;
				CLANG_WARN_INT_CONVERSION = YES;
				CLANG_WARN_NON_LITERAL_NULL_CONVERSION = YES;
				CLANG_WARN_OBJC_IMPLICIT_RETAIN_SELF = YES;
				CLANG_WARN_OBJC_LITERAL_CONVERSION = YES;
				CLANG_WARN_OBJC_ROOT_CLASS = YES_ERROR;
				CLANG_WARN_RANGE_LOOP_ANALYSIS = YES;
				CLANG_WARN_STRICT_PROTOTYPES = YES;
				CLANG_WARN_SUSPICIOUS_MOVE = YES;
				CLANG_WARN_UNGUARDED_AVAILABILITY = YES_AGGRESSIVE;
				CLANG_WARN_UNREACHABLE_CODE = YES;
				CLANG_WARN__DUPLICATE_METHOD_MATCH = YES;
				COPY_PHASE_STRIP = NO;
				DEBUG_INFORMATION_FORMAT = "dwarf-with-dsym";
				ENABLE_NS_ASSERTIONS = NO;
				ENABLE_STRICT_OBJC_MSGSEND = YES;
				GCC_C_LANGUAGE_STANDARD = gnu11;
				GCC_NO_COMMON_BLOCKS = YES;
				GCC_WARN_64_TO_32_BIT_CONVERSION = YES;
				GCC_WARN_ABOUT_RETURN_TYPE = YES_ERROR;
				GCC_WARN_UNDECLARED_SELECTOR = YES;
				GCC_WARN_UNINITIALIZED_AUTOS = YES_AGGRESSIVE;
				GCC_WARN_UNUSED_FUNCTION = YES;
				GCC_WARN_UNUSED_VARIABLE = YES;
				IPHONEOS_DEPLOYMENT_TARGET = 13.2;
				MTL_ENABLE_DEBUG_INFO = NO;
				MTL_FAST_MATH = YES;
				SDKROOT = iphoneos;
				SWIFT_COMPILATION_MODE = wholemodule;
				SWIFT_OPTIMIZATION_LEVEL = "-O";
				VALIDATE_PRODUCT = YES;
			};
			name = Release;
		};
		4F0FF37B24108DFD007FF46D /* Debug */ = {
			isa = XCBuildConfiguration;
			baseConfigurationReference = 44A3E002258B11671E3C2E25 /* Pods-AlumnUs.debug.xcconfig */;
			buildSettings = {
				ASSETCATALOG_COMPILER_APPICON_NAME = AppIcon;
				CODE_SIGN_STYLE = Automatic;
				INFOPLIST_FILE = AlumnUs/Info.plist;
				LD_RUNPATH_SEARCH_PATHS = (
					"$(inherited)",
					"@executable_path/Frameworks",
				);
				PRODUCT_BUNDLE_IDENTIFIER = SJSU277.AlumnUs;
				PRODUCT_NAME = "$(TARGET_NAME)";
				SWIFT_VERSION = 5.0;
				TARGETED_DEVICE_FAMILY = "1,2";
			};
			name = Debug;
		};
		4F0FF37C24108DFD007FF46D /* Release */ = {
			isa = XCBuildConfiguration;
			baseConfigurationReference = 4323FFA43E0F6E7DC0AE1513 /* Pods-AlumnUs.release.xcconfig */;
			buildSettings = {
				ASSETCATALOG_COMPILER_APPICON_NAME = AppIcon;
				CODE_SIGN_STYLE = Automatic;
				INFOPLIST_FILE = AlumnUs/Info.plist;
				LD_RUNPATH_SEARCH_PATHS = (
					"$(inherited)",
					"@executable_path/Frameworks",
				);
				PRODUCT_BUNDLE_IDENTIFIER = SJSU277.AlumnUs;
				PRODUCT_NAME = "$(TARGET_NAME)";
				SWIFT_VERSION = 5.0;
				TARGETED_DEVICE_FAMILY = "1,2";
			};
			name = Release;
		};
		4F0FF37E24108DFD007FF46D /* Debug */ = {
			isa = XCBuildConfiguration;
			baseConfigurationReference = 0830EB6E7D4FE17870AEC9F2 /* Pods-AlumnUsTests.debug.xcconfig */;
			buildSettings = {
				ALWAYS_EMBED_SWIFT_STANDARD_LIBRARIES = YES;
				BUNDLE_LOADER = "$(TEST_HOST)";
				CODE_SIGN_STYLE = Automatic;
				INFOPLIST_FILE = AlumnUsTests/Info.plist;
				IPHONEOS_DEPLOYMENT_TARGET = 13.2;
				LD_RUNPATH_SEARCH_PATHS = (
					"$(inherited)",
					"@executable_path/Frameworks",
					"@loader_path/Frameworks",
				);
				PRODUCT_BUNDLE_IDENTIFIER = SJSU277.AlumnUsTests;
				PRODUCT_NAME = "$(TARGET_NAME)";
				SWIFT_VERSION = 5.0;
				TARGETED_DEVICE_FAMILY = "1,2";
				TEST_HOST = "$(BUILT_PRODUCTS_DIR)/AlumnUs.app/AlumnUs";
			};
			name = Debug;
		};
		4F0FF37F24108DFD007FF46D /* Release */ = {
			isa = XCBuildConfiguration;
			baseConfigurationReference = 0529985B5AD3250F89C139C2 /* Pods-AlumnUsTests.release.xcconfig */;
			buildSettings = {
				ALWAYS_EMBED_SWIFT_STANDARD_LIBRARIES = YES;
				BUNDLE_LOADER = "$(TEST_HOST)";
				CODE_SIGN_STYLE = Automatic;
				INFOPLIST_FILE = AlumnUsTests/Info.plist;
				IPHONEOS_DEPLOYMENT_TARGET = 13.2;
				LD_RUNPATH_SEARCH_PATHS = (
					"$(inherited)",
					"@executable_path/Frameworks",
					"@loader_path/Frameworks",
				);
				PRODUCT_BUNDLE_IDENTIFIER = SJSU277.AlumnUsTests;
				PRODUCT_NAME = "$(TARGET_NAME)";
				SWIFT_VERSION = 5.0;
				TARGETED_DEVICE_FAMILY = "1,2";
				TEST_HOST = "$(BUILT_PRODUCTS_DIR)/AlumnUs.app/AlumnUs";
			};
			name = Release;
		};
		4F0FF38124108DFD007FF46D /* Debug */ = {
			isa = XCBuildConfiguration;
			baseConfigurationReference = 3BC47F6141F1279F9AAD4539 /* Pods-AlumnUs-AlumnUsUITests.debug.xcconfig */;
			buildSettings = {
				ALWAYS_EMBED_SWIFT_STANDARD_LIBRARIES = YES;
				CODE_SIGN_STYLE = Automatic;
				INFOPLIST_FILE = AlumnUsUITests/Info.plist;
				LD_RUNPATH_SEARCH_PATHS = (
					"$(inherited)",
					"@executable_path/Frameworks",
					"@loader_path/Frameworks",
				);
				PRODUCT_BUNDLE_IDENTIFIER = SJSU277.AlumnUsUITests;
				PRODUCT_NAME = "$(TARGET_NAME)";
				SWIFT_VERSION = 5.0;
				TARGETED_DEVICE_FAMILY = "1,2";
				TEST_TARGET_NAME = AlumnUs;
			};
			name = Debug;
		};
		4F0FF38224108DFD007FF46D /* Release */ = {
			isa = XCBuildConfiguration;
			baseConfigurationReference = 7A40CA9536326A10F35E25F0 /* Pods-AlumnUs-AlumnUsUITests.release.xcconfig */;
			buildSettings = {
				ALWAYS_EMBED_SWIFT_STANDARD_LIBRARIES = YES;
				CODE_SIGN_STYLE = Automatic;
				INFOPLIST_FILE = AlumnUsUITests/Info.plist;
				LD_RUNPATH_SEARCH_PATHS = (
					"$(inherited)",
					"@executable_path/Frameworks",
					"@loader_path/Frameworks",
				);
				PRODUCT_BUNDLE_IDENTIFIER = SJSU277.AlumnUsUITests;
				PRODUCT_NAME = "$(TARGET_NAME)";
				SWIFT_VERSION = 5.0;
				TARGETED_DEVICE_FAMILY = "1,2";
				TEST_TARGET_NAME = AlumnUs;
			};
			name = Release;
		};
/* End XCBuildConfiguration section */

/* Begin XCConfigurationList section */
		4F0FF34B24108DF9007FF46D /* Build configuration list for PBXProject "AlumnUs" */ = {
			isa = XCConfigurationList;
			buildConfigurations = (
				4F0FF37824108DFD007FF46D /* Debug */,
				4F0FF37924108DFD007FF46D /* Release */,
			);
			defaultConfigurationIsVisible = 0;
			defaultConfigurationName = Release;
		};
		4F0FF37A24108DFD007FF46D /* Build configuration list for PBXNativeTarget "AlumnUs" */ = {
			isa = XCConfigurationList;
			buildConfigurations = (
				4F0FF37B24108DFD007FF46D /* Debug */,
				4F0FF37C24108DFD007FF46D /* Release */,
			);
			defaultConfigurationIsVisible = 0;
			defaultConfigurationName = Release;
		};
		4F0FF37D24108DFD007FF46D /* Build configuration list for PBXNativeTarget "AlumnUsTests" */ = {
			isa = XCConfigurationList;
			buildConfigurations = (
				4F0FF37E24108DFD007FF46D /* Debug */,
				4F0FF37F24108DFD007FF46D /* Release */,
			);
			defaultConfigurationIsVisible = 0;
			defaultConfigurationName = Release;
		};
		4F0FF38024108DFD007FF46D /* Build configuration list for PBXNativeTarget "AlumnUsUITests" */ = {
			isa = XCConfigurationList;
			buildConfigurations = (
				4F0FF38124108DFD007FF46D /* Debug */,
				4F0FF38224108DFD007FF46D /* Release */,
			);
			defaultConfigurationIsVisible = 0;
			defaultConfigurationName = Release;
		};
/* End XCConfigurationList section */
	};
	rootObject = 4F0FF34824108DF9007FF46D /* Project object */;
}
